
Microsoft Visual Studio Solution File, Format Version 12.00
# Visual Studio Version 16
VisualStudioVersion = 25.0.1706.8
MinimumVisualStudioVersion = 10.0.40219.1
Project("{FAE04EC0-301F-11D3-BF4B-00C04F79EFBC}") = "Task0", "Task0\Task0.csproj", "{8699E3CC-DA57-46D4-9728-255070F809A7}"
EndProject
Project("{FAE04EC0-301F-11D3-BF4B-00C04F79EFBC}") = "Task1", "Task1\Task1.csproj", "{AC642C42-0051-460D-82AC-62F16CC81ECF}"
EndProject
Project("{FAE04EC0-301F-11D3-BF4B-00C04F79EFBC}") = "Task2", "Task2\Task2.csproj", "{3C32AE67-C1F3-4D5D-82C9-22677266A917}"
EndProject
Project("{FAE04EC0-301F-11D3-BF4B-00C04F79EFBC}") = "Task3", "Task3\Task3.csproj", "{846D47A5-06B1-4CA2-B714-BD964657CD94}"
EndProject
Project("{FAE04EC0-301F-11D3-BF4B-00C04F79EFBC}") = "Task4", "Task4\Task4.csproj", "{37848E10-05B5-41F3-B670-C2A13F01BDD8}"
EndProject
Project("{FAE04EC0-301F-11D3-BF4B-00C04F79EFBC}") = "Task5", "Task5\Task5.csproj", "{CB2DCF2A-2BFA-42FA-9CB5-E0008D9856F3}"
EndProject
Project("{FAE04EC0-301F-11D3-BF4B-00C04F79EFBC}") = "Task5b", "Task5b\Task5b.csproj", "{D3184A45-8942-44B2-B8BB-CF23D6615F2D}"
EndProject
Global
	GlobalSection(SolutionConfigurationPlatforms) = preSolution
		Debug|Any CPU = Debug|Any CPU
		Release|Any CPU = Release|Any CPU
	EndGlobalSection
	GlobalSection(ProjectConfigurationPlatforms) = postSolution
		{8699E3CC-DA57-46D4-9728-255070F809A7}.Debug|Any CPU.ActiveCfg = Debug|Any CPU
		{8699E3CC-DA57-46D4-9728-255070F809A7}.Debug|Any CPU.Build.0 = Debug|Any CPU
		{8699E3CC-DA57-46D4-9728-255070F809A7}.Release|Any CPU.ActiveCfg = Release|Any CPU
		{8699E3CC-DA57-46D4-9728-255070F809A7}.Release|Any CPU.Build.0 = Release|Any CPU
		{AC642C42-0051-460D-82AC-62F16CC81ECF}.Debug|Any CPU.ActiveCfg = Debug|Any CPU
		{AC642C42-0051-460D-82AC-62F16CC81ECF}.Debug|Any CPU.Build.0 = Debug|Any CPU
		{AC642C42-0051-460D-82AC-62F16CC81ECF}.Release|Any CPU.ActiveCfg = Release|Any CPU
		{AC642C42-0051-460D-82AC-62F16CC81ECF}.Release|Any CPU.Build.0 = Release|Any CPU
		{3C32AE67-C1F3-4D5D-82C9-22677266A917}.Debug|Any CPU.ActiveCfg = Debug|Any CPU
		{3C32AE67-C1F3-4D5D-82C9-22677266A917}.Debug|Any CPU.Build.0 = Debug|Any CPU
		{3C32AE67-C1F3-4D5D-82C9-22677266A917}.Release|Any CPU.ActiveCfg = Release|Any CPU
		{3C32AE67-C1F3-4D5D-82C9-22677266A917}.Release|Any CPU.Build.0 = Release|Any CPU
		{846D47A5-06B1-4CA2-B714-BD964657CD94}.Debug|Any CPU.ActiveCfg = Debug|Any CPU
		{846D47A5-06B1-4CA2-B714-BD964657CD94}.Debug|Any CPU.Build.0 = Debug|Any CPU
		{846D47A5-06B1-4CA2-B714-BD964657CD94}.Release|Any CPU.ActiveCfg = Release|Any CPU
		{846D47A5-06B1-4CA2-B714-BD964657CD94}.Release|Any CPU.Build.0 = Release|Any CPU
		{37848E10-05B5-41F3-B670-C2A13F01BDD8}.Debug|Any CPU.ActiveCfg = Debug|Any CPU
		{37848E10-05B5-41F3-B670-C2A13F01BDD8}.Debug|Any CPU.Build.0 = Debug|Any CPU
		{37848E10-05B5-41F3-B670-C2A13F01BDD8}.Release|Any CPU.ActiveCfg = Release|Any CPU
		{37848E10-05B5-41F3-B670-C2A13F01BDD8}.Release|Any CPU.Build.0 = Release|Any CPU
		{CB2DCF2A-2BFA-42FA-9CB5-E0008D9856F3}.Debug|Any CPU.ActiveCfg = Debug|Any CPU
		{CB2DCF2A-2BFA-42FA-9CB5-E0008D9856F3}.Debug|Any CPU.Build.0 = Debug|Any CPU
		{CB2DCF2A-2BFA-42FA-9CB5-E0008D9856F3}.Release|Any CPU.ActiveCfg = Release|Any CPU
		{CB2DCF2A-2BFA-42FA-9CB5-E0008D9856F3}.Release|Any CPU.Build.0 = Release|Any CPU
		{D3184A45-8942-44B2-B8BB-CF23D6615F2D}.Debug|Any CPU.ActiveCfg = Debug|Any CPU
		{D3184A45-8942-44B2-B8BB-CF23D6615F2D}.Debug|Any CPU.Build.0 = Debug|Any CPU
		{D3184A45-8942-44B2-B8BB-CF23D6615F2D}.Release|Any CPU.ActiveCfg = Release|Any CPU
		{D3184A45-8942-44B2-B8BB-CF23D6615F2D}.Release|Any CPU.Build.0 = Release|Any CPU
	EndGlobalSection
	GlobalSection(SolutionProperties) = preSolution
		HideSolutionNode = FALSE
	EndGlobalSection
	GlobalSection(ExtensibilityGlobals) = postSolution
		SolutionGuid = {A8A3C0C8-26C6-4B8E-AC02-2612C1217F4B}
	EndGlobalSection
EndGlobal
