
Microsoft Visual Studio Solution File, Format Version 12.00
# Visual Studio Version 16
VisualStudioVersion = 25.0.1706.8
MinimumVisualStudioVersion = 10.0.40219.1
Project("{FAE04EC0-301F-11D3-BF4B-00C04F79EFBC}") = "Task0", "Task0\Task0.csproj", "{8699E3CC-DA57-46D4-9728-255070F809A7}"
EndProject
Project("{FAE04EC0-301F-11D3-BF4B-00C04F79EFBC}") = "Task1", "Task1\Task1.csproj", "{AC642C42-0051-460D-82AC-62F16CC81ECF}"
EndProject
Project("{FAE04EC0-301F-11D3-BF4B-00C04F79EFBC}") = "Task2", "Task2\Task2.csproj", "{3C32AE67-C1F3-4D5D-82C9-22677266A917}"
EndProject
Project("{FAE04EC0-301F-11D3-BF4B-00C04F79EFBC}") = "Task3", "Task3\Task3.csproj", "{846D47A5-06B1-4CA2-B714-BD964657CD94}"
EndProject
Project("{FAE04EC0-301F-11D3-BF4B-00C04F79EFBC}") = "Task4", "Task4\Task4.csproj", "{37848E10-05B5-41F3-B670-C2A13F01BDD8}"
EndProject
Project("{FAE04EC0-301F-11D3-BF4B-00C04F79EFBC}") = "Task5", "Task5\Task5.csproj", "{CB2DCF2A-2BFA-42FA-9CB5-E0008D9856F3}"
EndProject
Project("{FAE04EC0-301F-11D3-BF4B-00C04F79EFBC}") = "Task5b", "Task5b\Task5b.csproj", "{D3184A45-8942-44B2-B8BB-CF23D6615F2D}"
EndProject
Project("{FAE04EC0-301F-11D3-BF4B-00C04F79EFBC}") = "Task7", "Task7\Task7.csproj", "{C1A97743-9FF4-46BB-B06E-02115DA8BF87}"
EndProject
Project("{FAE04EC0-301F-11D3-BF4B-00C04F79EFBC}") = "Task2.2", "Task2.2\Task2.2.csproj", "{ECB5057D-8EB9-42E5-8303-64726E828DB9}"
EndProject
Project("{FAE04EC0-301F-11D3-BF4B-00C04F79EFBC}") = "Task2.3.", "Task2.3.\Task2.3..csproj", "{5C214868-F9A1-4A5E-86AE-82AB092E7416}"
EndProject
Project("{FAE04EC0-301F-11D3-BF4B-00C04F79EFBC}") = "Task2.4", "Task2.4\Task2.4.csproj", "{A7C4BB04-E424-498E-8F94-8046E2CB77C7}"
EndProject
Project("{FAE04EC0-301F-11D3-BF4B-00C04F79EFBC}") = "Task2.5", "Task2.5\Task2.5.csproj", "{E23A0D9C-0037-4FED-85C4-971078E60443}"
EndProject
Project("{FAE04EC0-301F-11D3-BF4B-00C04F79EFBC}") = "Task2.6", "Task2.6\Task2.6.csproj", "{5429D1E0-7853-4939-984B-AAC84230EA8F}"
EndProject
Project("{FAE04EC0-301F-11D3-BF4B-00C04F79EFBC}") = "Task2.7", "Task2.7\Task2.7.csproj", "{89062A53-D062-48E7-A649-093C03F2A539}"
EndProject
Project("{FAE04EC0-301F-11D3-BF4B-00C04F79EFBC}") = "Task2.8", "Task2.8\Task2.8.csproj", "{35848C16-018D-48EE-8153-F8BEC0C1F62A}"
EndProject
Project("{FAE04EC0-301F-11D3-BF4B-00C04F79EFBC}") = "Task3.1", "Task3.1\Task3.1.csproj", "{2A922A69-A5D5-4977-94CD-36EDC751D929}"
EndProject
Project("{FAE04EC0-301F-11D3-BF4B-00C04F79EFBC}") = "Task3.2", "Task3.2\Task3.2.csproj", "{46A87E0D-3D1F-4A03-A349-C6A5561A77EA}"
EndProject
Project("{FAE04EC0-301F-11D3-BF4B-00C04F79EFBC}") = "Task3.3", "Task3.3\Task3.3.csproj", "{C942C055-DEC4-4A4A-B4A1-9BFD258AB4C6}"
EndProject
Project("{FAE04EC0-301F-11D3-BF4B-00C04F79EFBC}") = "Task3.4", "Task3.4\Task3.4.csproj", "{DE77CCC3-002E-44C1-848C-B22E23D4AE9C}"
EndProject
Project("{FAE04EC0-301F-11D3-BF4B-00C04F79EFBC}") = "Task3.5", "Task3.5\Task3.5.csproj", "{E25E4F6D-41CD-4CE8-90EC-7C6453108066}"
EndProject
Project("{FAE04EC0-301F-11D3-BF4B-00C04F79EFBC}") = "Task3.6", "Task3.6\Task3.6.csproj", "{0D4CE0A6-AAB6-46D2-A7E0-99F373FF73C2}"
EndProject
Project("{FAE04EC0-301F-11D3-BF4B-00C04F79EFBC}") = "Task3.7", "Task3.7\Task3.7.csproj", "{484EEB49-E033-4754-9863-6842AB95E0CF}"
EndProject
Project("{FAE04EC0-301F-11D3-BF4B-00C04F79EFBC}") = "Task3.8", "Task3.8\Task3.8.csproj", "{CB8447A6-CBDC-4F3E-BEF9-848E7BF9273B}"
EndProject
Global
	GlobalSection(SolutionConfigurationPlatforms) = preSolution
		Debug|Any CPU = Debug|Any CPU
		Release|Any CPU = Release|Any CPU
	EndGlobalSection
	GlobalSection(ProjectConfigurationPlatforms) = postSolution
		{8699E3CC-DA57-46D4-9728-255070F809A7}.Debug|Any CPU.ActiveCfg = Debug|Any CPU
		{8699E3CC-DA57-46D4-9728-255070F809A7}.Debug|Any CPU.Build.0 = Debug|Any CPU
		{8699E3CC-DA57-46D4-9728-255070F809A7}.Release|Any CPU.ActiveCfg = Release|Any CPU
		{8699E3CC-DA57-46D4-9728-255070F809A7}.Release|Any CPU.Build.0 = Release|Any CPU
		{AC642C42-0051-460D-82AC-62F16CC81ECF}.Debug|Any CPU.ActiveCfg = Debug|Any CPU
		{AC642C42-0051-460D-82AC-62F16CC81ECF}.Debug|Any CPU.Build.0 = Debug|Any CPU
		{AC642C42-0051-460D-82AC-62F16CC81ECF}.Release|Any CPU.ActiveCfg = Release|Any CPU
		{AC642C42-0051-460D-82AC-62F16CC81ECF}.Release|Any CPU.Build.0 = Release|Any CPU
		{3C32AE67-C1F3-4D5D-82C9-22677266A917}.Debug|Any CPU.ActiveCfg = Debug|Any CPU
		{3C32AE67-C1F3-4D5D-82C9-22677266A917}.Debug|Any CPU.Build.0 = Debug|Any CPU
		{3C32AE67-C1F3-4D5D-82C9-22677266A917}.Release|Any CPU.ActiveCfg = Release|Any CPU
		{3C32AE67-C1F3-4D5D-82C9-22677266A917}.Release|Any CPU.Build.0 = Release|Any CPU
		{846D47A5-06B1-4CA2-B714-BD964657CD94}.Debug|Any CPU.ActiveCfg = Debug|Any CPU
		{846D47A5-06B1-4CA2-B714-BD964657CD94}.Debug|Any CPU.Build.0 = Debug|Any CPU
		{846D47A5-06B1-4CA2-B714-BD964657CD94}.Release|Any CPU.ActiveCfg = Release|Any CPU
		{846D47A5-06B1-4CA2-B714-BD964657CD94}.Release|Any CPU.Build.0 = Release|Any CPU
		{37848E10-05B5-41F3-B670-C2A13F01BDD8}.Debug|Any CPU.ActiveCfg = Debug|Any CPU
		{37848E10-05B5-41F3-B670-C2A13F01BDD8}.Debug|Any CPU.Build.0 = Debug|Any CPU
		{37848E10-05B5-41F3-B670-C2A13F01BDD8}.Release|Any CPU.ActiveCfg = Release|Any CPU
		{37848E10-05B5-41F3-B670-C2A13F01BDD8}.Release|Any CPU.Build.0 = Release|Any CPU
		{CB2DCF2A-2BFA-42FA-9CB5-E0008D9856F3}.Debug|Any CPU.ActiveCfg = Debug|Any CPU
		{CB2DCF2A-2BFA-42FA-9CB5-E0008D9856F3}.Debug|Any CPU.Build.0 = Debug|Any CPU
		{CB2DCF2A-2BFA-42FA-9CB5-E0008D9856F3}.Release|Any CPU.ActiveCfg = Release|Any CPU
		{CB2DCF2A-2BFA-42FA-9CB5-E0008D9856F3}.Release|Any CPU.Build.0 = Release|Any CPU
		{D3184A45-8942-44B2-B8BB-CF23D6615F2D}.Debug|Any CPU.ActiveCfg = Debug|Any CPU
		{D3184A45-8942-44B2-B8BB-CF23D6615F2D}.Debug|Any CPU.Build.0 = Debug|Any CPU
		{D3184A45-8942-44B2-B8BB-CF23D6615F2D}.Release|Any CPU.ActiveCfg = Release|Any CPU
		{D3184A45-8942-44B2-B8BB-CF23D6615F2D}.Release|Any CPU.Build.0 = Release|Any CPU
		{C1A97743-9FF4-46BB-B06E-02115DA8BF87}.Debug|Any CPU.ActiveCfg = Debug|Any CPU
		{C1A97743-9FF4-46BB-B06E-02115DA8BF87}.Debug|Any CPU.Build.0 = Debug|Any CPU
		{C1A97743-9FF4-46BB-B06E-02115DA8BF87}.Release|Any CPU.ActiveCfg = Release|Any CPU
		{C1A97743-9FF4-46BB-B06E-02115DA8BF87}.Release|Any CPU.Build.0 = Release|Any CPU
		{ECB5057D-8EB9-42E5-8303-64726E828DB9}.Debug|Any CPU.ActiveCfg = Debug|Any CPU
		{ECB5057D-8EB9-42E5-8303-64726E828DB9}.Debug|Any CPU.Build.0 = Debug|Any CPU
		{ECB5057D-8EB9-42E5-8303-64726E828DB9}.Release|Any CPU.ActiveCfg = Release|Any CPU
		{ECB5057D-8EB9-42E5-8303-64726E828DB9}.Release|Any CPU.Build.0 = Release|Any CPU
		{5C214868-F9A1-4A5E-86AE-82AB092E7416}.Debug|Any CPU.ActiveCfg = Debug|Any CPU
		{5C214868-F9A1-4A5E-86AE-82AB092E7416}.Debug|Any CPU.Build.0 = Debug|Any CPU
		{5C214868-F9A1-4A5E-86AE-82AB092E7416}.Release|Any CPU.ActiveCfg = Release|Any CPU
		{5C214868-F9A1-4A5E-86AE-82AB092E7416}.Release|Any CPU.Build.0 = Release|Any CPU
		{A7C4BB04-E424-498E-8F94-8046E2CB77C7}.Debug|Any CPU.ActiveCfg = Debug|Any CPU
		{A7C4BB04-E424-498E-8F94-8046E2CB77C7}.Debug|Any CPU.Build.0 = Debug|Any CPU
		{A7C4BB04-E424-498E-8F94-8046E2CB77C7}.Release|Any CPU.ActiveCfg = Release|Any CPU
		{A7C4BB04-E424-498E-8F94-8046E2CB77C7}.Release|Any CPU.Build.0 = Release|Any CPU
		{E23A0D9C-0037-4FED-85C4-971078E60443}.Debug|Any CPU.ActiveCfg = Debug|Any CPU
		{E23A0D9C-0037-4FED-85C4-971078E60443}.Debug|Any CPU.Build.0 = Debug|Any CPU
		{E23A0D9C-0037-4FED-85C4-971078E60443}.Release|Any CPU.ActiveCfg = Release|Any CPU
		{E23A0D9C-0037-4FED-85C4-971078E60443}.Release|Any CPU.Build.0 = Release|Any CPU
		{5429D1E0-7853-4939-984B-AAC84230EA8F}.Debug|Any CPU.ActiveCfg = Debug|Any CPU
		{5429D1E0-7853-4939-984B-AAC84230EA8F}.Debug|Any CPU.Build.0 = Debug|Any CPU
		{5429D1E0-7853-4939-984B-AAC84230EA8F}.Release|Any CPU.ActiveCfg = Release|Any CPU
		{5429D1E0-7853-4939-984B-AAC84230EA8F}.Release|Any CPU.Build.0 = Release|Any CPU
		{89062A53-D062-48E7-A649-093C03F2A539}.Debug|Any CPU.ActiveCfg = Debug|Any CPU
		{89062A53-D062-48E7-A649-093C03F2A539}.Debug|Any CPU.Build.0 = Debug|Any CPU
		{89062A53-D062-48E7-A649-093C03F2A539}.Release|Any CPU.ActiveCfg = Release|Any CPU
		{89062A53-D062-48E7-A649-093C03F2A539}.Release|Any CPU.Build.0 = Release|Any CPU
		{35848C16-018D-48EE-8153-F8BEC0C1F62A}.Debug|Any CPU.ActiveCfg = Debug|Any CPU
		{35848C16-018D-48EE-8153-F8BEC0C1F62A}.Debug|Any CPU.Build.0 = Debug|Any CPU
		{35848C16-018D-48EE-8153-F8BEC0C1F62A}.Release|Any CPU.ActiveCfg = Release|Any CPU
		{35848C16-018D-48EE-8153-F8BEC0C1F62A}.Release|Any CPU.Build.0 = Release|Any CPU
		{2A922A69-A5D5-4977-94CD-36EDC751D929}.Debug|Any CPU.ActiveCfg = Debug|Any CPU
		{2A922A69-A5D5-4977-94CD-36EDC751D929}.Debug|Any CPU.Build.0 = Debug|Any CPU
		{2A922A69-A5D5-4977-94CD-36EDC751D929}.Release|Any CPU.ActiveCfg = Release|Any CPU
		{2A922A69-A5D5-4977-94CD-36EDC751D929}.Release|Any CPU.Build.0 = Release|Any CPU
		{46A87E0D-3D1F-4A03-A349-C6A5561A77EA}.Debug|Any CPU.ActiveCfg = Debug|Any CPU
		{46A87E0D-3D1F-4A03-A349-C6A5561A77EA}.Debug|Any CPU.Build.0 = Debug|Any CPU
		{46A87E0D-3D1F-4A03-A349-C6A5561A77EA}.Release|Any CPU.ActiveCfg = Release|Any CPU
		{46A87E0D-3D1F-4A03-A349-C6A5561A77EA}.Release|Any CPU.Build.0 = Release|Any CPU
		{C942C055-DEC4-4A4A-B4A1-9BFD258AB4C6}.Debug|Any CPU.ActiveCfg = Debug|Any CPU
		{C942C055-DEC4-4A4A-B4A1-9BFD258AB4C6}.Debug|Any CPU.Build.0 = Debug|Any CPU
		{C942C055-DEC4-4A4A-B4A1-9BFD258AB4C6}.Release|Any CPU.ActiveCfg = Release|Any CPU
		{C942C055-DEC4-4A4A-B4A1-9BFD258AB4C6}.Release|Any CPU.Build.0 = Release|Any CPU
		{DE77CCC3-002E-44C1-848C-B22E23D4AE9C}.Debug|Any CPU.ActiveCfg = Debug|Any CPU
		{DE77CCC3-002E-44C1-848C-B22E23D4AE9C}.Debug|Any CPU.Build.0 = Debug|Any CPU
		{DE77CCC3-002E-44C1-848C-B22E23D4AE9C}.Release|Any CPU.ActiveCfg = Release|Any CPU
		{DE77CCC3-002E-44C1-848C-B22E23D4AE9C}.Release|Any CPU.Build.0 = Release|Any CPU
		{E25E4F6D-41CD-4CE8-90EC-7C6453108066}.Debug|Any CPU.ActiveCfg = Debug|Any CPU
		{E25E4F6D-41CD-4CE8-90EC-7C6453108066}.Debug|Any CPU.Build.0 = Debug|Any CPU
		{E25E4F6D-41CD-4CE8-90EC-7C6453108066}.Release|Any CPU.ActiveCfg = Release|Any CPU
		{E25E4F6D-41CD-4CE8-90EC-7C6453108066}.Release|Any CPU.Build.0 = Release|Any CPU
		{0D4CE0A6-AAB6-46D2-A7E0-99F373FF73C2}.Debug|Any CPU.ActiveCfg = Debug|Any CPU
		{0D4CE0A6-AAB6-46D2-A7E0-99F373FF73C2}.Debug|Any CPU.Build.0 = Debug|Any CPU
		{0D4CE0A6-AAB6-46D2-A7E0-99F373FF73C2}.Release|Any CPU.ActiveCfg = Release|Any CPU
		{0D4CE0A6-AAB6-46D2-A7E0-99F373FF73C2}.Release|Any CPU.Build.0 = Release|Any CPU
		{484EEB49-E033-4754-9863-6842AB95E0CF}.Debug|Any CPU.ActiveCfg = Debug|Any CPU
		{484EEB49-E033-4754-9863-6842AB95E0CF}.Debug|Any CPU.Build.0 = Debug|Any CPU
		{484EEB49-E033-4754-9863-6842AB95E0CF}.Release|Any CPU.ActiveCfg = Release|Any CPU
		{484EEB49-E033-4754-9863-6842AB95E0CF}.Release|Any CPU.Build.0 = Release|Any CPU
		{CB8447A6-CBDC-4F3E-BEF9-848E7BF9273B}.Debug|Any CPU.ActiveCfg = Debug|Any CPU
		{CB8447A6-CBDC-4F3E-BEF9-848E7BF9273B}.Debug|Any CPU.Build.0 = Debug|Any CPU
		{CB8447A6-CBDC-4F3E-BEF9-848E7BF9273B}.Release|Any CPU.ActiveCfg = Release|Any CPU
		{CB8447A6-CBDC-4F3E-BEF9-848E7BF9273B}.Release|Any CPU.Build.0 = Release|Any CPU
	EndGlobalSection
	GlobalSection(SolutionProperties) = preSolution
		HideSolutionNode = FALSE
	EndGlobalSection
	GlobalSection(ExtensibilityGlobals) = postSolution
		SolutionGuid = {A8A3C0C8-26C6-4B8E-AC02-2612C1217F4B}
	EndGlobalSection
EndGlobal
